
Microsoft Visual Studio Solution File, Format Version 12.00
# Visual Studio Version 17
VisualStudioVersion = 17.0.31903.59
MinimumVisualStudioVersion = 10.0.40219.1
Project("{2150E333-8FDC-42A3-9474-1A3956D46DE8}") = "src", "src", "{827E0CD3-B72D-47B6-A68D-7590B98EB39B}"
EndProject
Project("{2150E333-8FDC-42A3-9474-1A3956D46DE8}") = "MeUi.Shared", "MeUi.Shared", "{87C940CD-47DE-FE2A-2E90-50F93A6EC4F6}"
EndProject
Project("{FAE04EC0-301F-11D3-BF4B-00C04F79EFBC}") = "MeUi.Shared.ApplicationContract", "src\MeUi.Shared\MeUi.Shared.ApplicationContract\MeUi.Shared.ApplicationContract.csproj", "{907340F6-01DB-49B5-8CF3-21FFA8ADEA47}"
EndProject
Project("{FAE04EC0-301F-11D3-BF4B-00C04F79EFBC}") = "MeUi.Shared.Application", "src\MeUi.Shared\MeUi.Shared.Application\MeUi.Shared.Application.csproj", "{73A72009-1272-4131-8289-D958729D300D}"
EndProject
Project("{FAE04EC0-301F-11D3-BF4B-00C04F79EFBC}") = "MeUi.Shared.Domain", "src\MeUi.Shared\MeUi.Shared.Domain\MeUi.Shared.Domain.csproj", "{CE79257D-3670-4151-8A07-ED52633E80DC}"
EndProject
Project("{FAE04EC0-301F-11D3-BF4B-00C04F79EFBC}") = "MeUi.Shared.Infrastructure", "src\MeUi.Shared\MeUi.Shared.Infrastructure\MeUi.Shared.Infrastructure.csproj", "{CA0270BD-E223-4A75-AC1D-41D8A9F575CC}"
EndProject
Project("{2150E333-8FDC-42A3-9474-1A3956D46DE8}") = "MeUi.Authentication", "MeUi.Authentication", "{95375D70-08A7-EC86-7FEE-3BE27A706E16}"
EndProject
Project("{2150E333-8FDC-42A3-9474-1A3956D46DE8}") = "MeUi.Authentication.Core", "MeUi.Authentication.Core", "{ACC2BC72-4466-4C3B-3BFB-494729DC6376}"
EndProject
Project("{2150E333-8FDC-42A3-9474-1A3956D46DE8}") = "Private", "Private", "{47E47447-8620-4C1D-B126-346444FE663F}"
EndProject
Project("{FAE04EC0-301F-11D3-BF4B-00C04F79EFBC}") = "MeUi.Authentication.Core.Application", "src\MeUi.Authentication\MeUi.Authentication.Core\Private\MeUi.Authentication.Core.Application\MeUi.Authentication.Core.Application.csproj", "{40D01594-1720-4F85-A4BA-13C6ABEA4222}"
EndProject
Project("{FAE04EC0-301F-11D3-BF4B-00C04F79EFBC}") = "MeUi.Authentication.Core.Domain", "src\MeUi.Authentication\MeUi.Authentication.Core\Private\MeUi.Authentication.Core.Domain\MeUi.Authentication.Core.Domain.csproj", "{2A9DAC9F-8BB7-4AF7-B99D-511BD106E7FD}"
EndProject
Project("{FAE04EC0-301F-11D3-BF4B-00C04F79EFBC}") = "MeUi.Authentication.Core.Infrastructure", "src\MeUi.Authentication\MeUi.Authentication.Core\Private\MeUi.Authentication.Core.Infrastructure\MeUi.Authentication.Core.Infrastructure.csproj", "{D24C2CA4-8C85-4D26-ABA7-A59C880BA827}"
EndProject
Project("{2150E333-8FDC-42A3-9474-1A3956D46DE8}") = "Public", "Public", "{D89D35FF-B93F-6B08-B13B-45247AE20C75}"
EndProject
Project("{FAE04EC0-301F-11D3-BF4B-00C04F79EFBC}") = "MeUi.Authentication.Core.ApplicationContract", "src\MeUi.Authentication\MeUi.Authentication.Core\Public\MeUi.Authentication.Core.ApplicationContract\MeUi.Authentication.Core.ApplicationContract.csproj", "{097890D9-134C-4C9B-ACBF-43A58C13DC37}"
EndProject
Project("{2150E333-8FDC-42A3-9474-1A3956D46DE8}") = "MeUi.Authentication.Password", "MeUi.Authentication.Password", "{90229F9A-6AE6-B85E-C324-4289D8AECDF7}"
EndProject
Project("{2150E333-8FDC-42A3-9474-1A3956D46DE8}") = "Public", "Public", "{66CD5881-7CF8-2E53-FEE7-2F515531D50A}"
EndProject
Project("{FAE04EC0-301F-11D3-BF4B-00C04F79EFBC}") = "MeUi.Authentication.Password.ApplicationContract", "src\MeUi.Authentication\MeUi.Authentication.Password\Public\MeUi.Authentication.Password.ApplicationContract\MeUi.Authentication.Password.ApplicationContract.csproj", "{4A6D0F40-7025-44FB-9C1A-1DE3061DB390}"
EndProject
Project("{FAE04EC0-301F-11D3-BF4B-00C04F79EFBC}") = "MeUi.Authentication.Password.Extenstion", "src\MeUi.Authentication\MeUi.Authentication.Password\Public\MeUi.Authentication.Password.Extenstion\MeUi.Authentication.Password.Extenstion.csproj", "{F08A79CB-D3B2-4657-92D4-67E8B3E47044}"
EndProject
Project("{2150E333-8FDC-42A3-9474-1A3956D46DE8}") = "Private", "Private", "{32BD52DA-3FFB-1C80-5707-6B371D3D1939}"
EndProject
Project("{FAE04EC0-301F-11D3-BF4B-00C04F79EFBC}") = "MeUi.Authentication.Password.Application", "src\MeUi.Authentication\MeUi.Authentication.Password\Private\MeUi.Authentication.Password.Application\MeUi.Authentication.Password.Application.csproj", "{6197D542-44C4-4340-B1F8-BF0818F22412}"
EndProject
Project("{FAE04EC0-301F-11D3-BF4B-00C04F79EFBC}") = "MeUi.Authentication.Password.Domain", "src\MeUi.Authentication\MeUi.Authentication.Password\Private\MeUi.Authentication.Password.Domain\MeUi.Authentication.Password.Domain.csproj", "{13EBD711-2F89-4403-8EA5-2616AFFA5145}"
EndProject
Project("{FAE04EC0-301F-11D3-BF4B-00C04F79EFBC}") = "MeUi.Authentication.Password.Infrastructure", "src\MeUi.Authentication\MeUi.Authentication.Password\Private\MeUi.Authentication.Password.Infrastructure\MeUi.Authentication.Password.Infrastructure.csproj", "{A062477C-962B-47E0-9CE4-B57F7BD1B5D8}"
EndProject
Project("{FAE04EC0-301F-11D3-BF4B-00C04F79EFBC}") = "MeUi.Authentication.Password.Endpoints", "src\MeUi.Authentication\MeUi.Authentication.Password\Private\MeUi.Authentication.Password.Endpoints\MeUi.Authentication.Password.Endpoints.csproj", "{DF0B68AD-B9D5-4370-9937-22166CB07887}"
EndProject
Project("{2150E333-8FDC-42A3-9474-1A3956D46DE8}") = "MeUi.Authentication.Core.Shared", "MeUi.Authentication.Core.Shared", "{1A4D5231-3938-ABAE-71F9-0CA57646B7CF}"
EndProject
Project("{FAE04EC0-301F-11D3-BF4B-00C04F79EFBC}") = "MeUi.Authentication.Core.Shared.Application", "src\MeUi.Authentication\MeUi.Authentication.Core\Public\MeUi.Authentication.Core.Shared\MeUi.Authentication.Core.Shared.Application\MeUi.Authentication.Core.Shared.Application.csproj", "{4213F63F-BF63-4000-964E-F7404BE23FBE}"
EndProject
Project("{FAE04EC0-301F-11D3-BF4B-00C04F79EFBC}") = "MeUi.Authentication.Core.Shared.Infrastructure", "src\MeUi.Authentication\MeUi.Authentication.Core\Public\MeUi.Authentication.Core.Shared\MeUi.Authentication.Core.Shared.Infrastructure\MeUi.Authentication.Core.Shared.Infrastructure.csproj", "{954377C1-1995-4D11-BAA5-5A2E738BD8D1}"
EndProject
Project("{FAE04EC0-301F-11D3-BF4B-00C04F79EFBC}") = "MeUi.Shared.Endpoint", "src\MeUi.Shared\MeUi.Shared.Endpoint\MeUi.Shared.Endpoint.csproj", "{A003C8D7-AECB-4D8D-8726-F28451DE7324}"
EndProject
Project("{FAE04EC0-301F-11D3-BF4B-00C04F79EFBC}") = "MeUi.Entry", "src\MeUi.Entry\MeUi.Entry.csproj", "{F80882FE-F577-4984-92AA-5F1926A87E29}"
EndProject
Project("{FAE04EC0-301F-11D3-BF4B-00C04F79EFBC}") = "MeUi.Authentication.Core.Extension", "src\MeUi.Authentication\MeUi.Authentication.Core\Public\MeUi.Authentication.Core.Extension\MeUi.Authentication.Core.Extension.csproj", "{CB4C684D-8071-4B8F-BAF0-6D702489F2E5}"
EndProject
Project("{FAE04EC0-301F-11D3-BF4B-00C04F79EFBC}") = "MeUi.Authentication.Core.Endpoint", "src\MeUi.Authentication\MeUi.Authentication.Core\Private\MeUi.Authentication.Core.Endpoint\MeUi.Authentication.Core.Endpoint.csproj", "{28135CCC-3824-4042-AB40-A2B5FD8E095E}"
EndProject
Project("{2150E333-8FDC-42A3-9474-1A3956D46DE8}") = "MeUi.Authorization", "MeUi.Authorization", "{871D39C1-2800-6B0C-7178-E5E4E7A0EEA7}"
EndProject
Project("{2150E333-8FDC-42A3-9474-1A3956D46DE8}") = "MeUi.Authorization.Core", "MeUi.Authorization.Core", "{62FF420D-F7A6-F036-FFF3-465BF33D2751}"
EndProject
Project("{2150E333-8FDC-42A3-9474-1A3956D46DE8}") = "Private", "Private", "{D83CD92E-2D2F-A615-A594-BB90D11A2E58}"
EndProject
Project("{FAE04EC0-301F-11D3-BF4B-00C04F79EFBC}") = "MeUi.Authorization.Core.Application", "src\MeUi.Authorization\MeUi.Authorization.Core\Private\MeUi.Authorization.Core.Application\MeUi.Authorization.Core.Application.csproj", "{E3F17127-3050-4C9C-90C5-E8AEAC0E444C}"
EndProject
Project("{FAE04EC0-301F-11D3-BF4B-00C04F79EFBC}") = "MeUi.Authorization.Core.Domain", "src\MeUi.Authorization\MeUi.Authorization.Core\Private\MeUi.Authorization.Core.Domain\MeUi.Authorization.Core.Domain.csproj", "{9F75AF13-01D6-4696-BD26-A80DAF246E95}"
EndProject
Project("{FAE04EC0-301F-11D3-BF4B-00C04F79EFBC}") = "MeUi.Authorization.Core.Endpoint", "src\MeUi.Authorization\MeUi.Authorization.Core\Private\MeUi.Authorization.Core.Endpoint\MeUi.Authorization.Core.Endpoint.csproj", "{FBB52468-DF1D-4FBB-9BA0-A796F637F4E8}"
EndProject
Project("{FAE04EC0-301F-11D3-BF4B-00C04F79EFBC}") = "MeUi.Authorization.Core.Infrastructure", "src\MeUi.Authorization\MeUi.Authorization.Core\Private\MeUi.Authorization.Core.Infrastructure\MeUi.Authorization.Core.Infrastructure.csproj", "{37494E9D-E805-4D85-AC8F-C8554053AC73}"
EndProject
Project("{2150E333-8FDC-42A3-9474-1A3956D46DE8}") = "Public", "Public", "{00C9C342-8D38-2CBE-CE18-D6AD5B257CD5}"
EndProject
Project("{FAE04EC0-301F-11D3-BF4B-00C04F79EFBC}") = "MeUi.Authorization.Core.ApplicationContract", "src\MeUi.Authorization\MeUi.Authorization.Core\Public\MeUi.Authorization.Core.ApplicationContract\MeUi.Authorization.Core.ApplicationContract.csproj", "{8327D45F-94BD-4E29-BE33-6B8E4427089D}"
EndProject
Project("{FAE04EC0-301F-11D3-BF4B-00C04F79EFBC}") = "MeUi.Authorization.Core.Extension", "src\MeUi.Authorization\MeUi.Authorization.Core\Public\MeUi.Authorization.Core.Extension\MeUi.Authorization.Core.Extension.csproj", "{765BAD99-BE7C-4245-B3F7-B3B9FB631D7A}"
EndProject
Project("{2150E333-8FDC-42A3-9474-1A3956D46DE8}") = "MeUi.Authorization.Core.Shared", "MeUi.Authorization.Core.Shared", "{08250206-E015-38BA-ECE5-08579827C09B}"
EndProject
Project("{FAE04EC0-301F-11D3-BF4B-00C04F79EFBC}") = "MeUi.Authorization.Core.Shared.Endpoint", "src\MeUi.Authorization\MeUi.Authorization.Core\Public\MeUi.Authorization.Core.Shared\MeUi.Authorization.Core.Shared.Endpoint\MeUi.Authorization.Core.Shared.Endpoint.csproj", "{2B328FA8-3334-45FC-884C-A53FBC08D481}"
EndProject
Global
	GlobalSection(SolutionConfigurationPlatforms) = preSolution
		Debug|Any CPU = Debug|Any CPU
		Debug|x64 = Debug|x64
		Debug|x86 = Debug|x86
		Release|Any CPU = Release|Any CPU
		Release|x64 = Release|x64
		Release|x86 = Release|x86
	EndGlobalSection
	GlobalSection(ProjectConfigurationPlatforms) = postSolution
		{907340F6-01DB-49B5-8CF3-21FFA8ADEA47}.Debug|Any CPU.ActiveCfg = Debug|Any CPU
		{907340F6-01DB-49B5-8CF3-21FFA8ADEA47}.Debug|Any CPU.Build.0 = Debug|Any CPU
		{907340F6-01DB-49B5-8CF3-21FFA8ADEA47}.Debug|x64.ActiveCfg = Debug|Any CPU
		{907340F6-01DB-49B5-8CF3-21FFA8ADEA47}.Debug|x64.Build.0 = Debug|Any CPU
		{907340F6-01DB-49B5-8CF3-21FFA8ADEA47}.Debug|x86.ActiveCfg = Debug|Any CPU
		{907340F6-01DB-49B5-8CF3-21FFA8ADEA47}.Debug|x86.Build.0 = Debug|Any CPU
		{907340F6-01DB-49B5-8CF3-21FFA8ADEA47}.Release|Any CPU.ActiveCfg = Release|Any CPU
		{907340F6-01DB-49B5-8CF3-21FFA8ADEA47}.Release|Any CPU.Build.0 = Release|Any CPU
		{907340F6-01DB-49B5-8CF3-21FFA8ADEA47}.Release|x64.ActiveCfg = Release|Any CPU
		{907340F6-01DB-49B5-8CF3-21FFA8ADEA47}.Release|x64.Build.0 = Release|Any CPU
		{907340F6-01DB-49B5-8CF3-21FFA8ADEA47}.Release|x86.ActiveCfg = Release|Any CPU
		{907340F6-01DB-49B5-8CF3-21FFA8ADEA47}.Release|x86.Build.0 = Release|Any CPU
		{73A72009-1272-4131-8289-D958729D300D}.Debug|Any CPU.ActiveCfg = Debug|Any CPU
		{73A72009-1272-4131-8289-D958729D300D}.Debug|Any CPU.Build.0 = Debug|Any CPU
		{73A72009-1272-4131-8289-D958729D300D}.Debug|x64.ActiveCfg = Debug|Any CPU
		{73A72009-1272-4131-8289-D958729D300D}.Debug|x64.Build.0 = Debug|Any CPU
		{73A72009-1272-4131-8289-D958729D300D}.Debug|x86.ActiveCfg = Debug|Any CPU
		{73A72009-1272-4131-8289-D958729D300D}.Debug|x86.Build.0 = Debug|Any CPU
		{73A72009-1272-4131-8289-D958729D300D}.Release|Any CPU.ActiveCfg = Release|Any CPU
		{73A72009-1272-4131-8289-D958729D300D}.Release|Any CPU.Build.0 = Release|Any CPU
		{73A72009-1272-4131-8289-D958729D300D}.Release|x64.ActiveCfg = Release|Any CPU
		{73A72009-1272-4131-8289-D958729D300D}.Release|x64.Build.0 = Release|Any CPU
		{73A72009-1272-4131-8289-D958729D300D}.Release|x86.ActiveCfg = Release|Any CPU
		{73A72009-1272-4131-8289-D958729D300D}.Release|x86.Build.0 = Release|Any CPU
		{CE79257D-3670-4151-8A07-ED52633E80DC}.Debug|Any CPU.ActiveCfg = Debug|Any CPU
		{CE79257D-3670-4151-8A07-ED52633E80DC}.Debug|Any CPU.Build.0 = Debug|Any CPU
		{CE79257D-3670-4151-8A07-ED52633E80DC}.Debug|x64.ActiveCfg = Debug|Any CPU
		{CE79257D-3670-4151-8A07-ED52633E80DC}.Debug|x64.Build.0 = Debug|Any CPU
		{CE79257D-3670-4151-8A07-ED52633E80DC}.Debug|x86.ActiveCfg = Debug|Any CPU
		{CE79257D-3670-4151-8A07-ED52633E80DC}.Debug|x86.Build.0 = Debug|Any CPU
		{CE79257D-3670-4151-8A07-ED52633E80DC}.Release|Any CPU.ActiveCfg = Release|Any CPU
		{CE79257D-3670-4151-8A07-ED52633E80DC}.Release|Any CPU.Build.0 = Release|Any CPU
		{CE79257D-3670-4151-8A07-ED52633E80DC}.Release|x64.ActiveCfg = Release|Any CPU
		{CE79257D-3670-4151-8A07-ED52633E80DC}.Release|x64.Build.0 = Release|Any CPU
		{CE79257D-3670-4151-8A07-ED52633E80DC}.Release|x86.ActiveCfg = Release|Any CPU
		{CE79257D-3670-4151-8A07-ED52633E80DC}.Release|x86.Build.0 = Release|Any CPU
		{CA0270BD-E223-4A75-AC1D-41D8A9F575CC}.Debug|Any CPU.ActiveCfg = Debug|Any CPU
		{CA0270BD-E223-4A75-AC1D-41D8A9F575CC}.Debug|Any CPU.Build.0 = Debug|Any CPU
		{CA0270BD-E223-4A75-AC1D-41D8A9F575CC}.Debug|x64.ActiveCfg = Debug|Any CPU
		{CA0270BD-E223-4A75-AC1D-41D8A9F575CC}.Debug|x64.Build.0 = Debug|Any CPU
		{CA0270BD-E223-4A75-AC1D-41D8A9F575CC}.Debug|x86.ActiveCfg = Debug|Any CPU
		{CA0270BD-E223-4A75-AC1D-41D8A9F575CC}.Debug|x86.Build.0 = Debug|Any CPU
		{CA0270BD-E223-4A75-AC1D-41D8A9F575CC}.Release|Any CPU.ActiveCfg = Release|Any CPU
		{CA0270BD-E223-4A75-AC1D-41D8A9F575CC}.Release|Any CPU.Build.0 = Release|Any CPU
		{CA0270BD-E223-4A75-AC1D-41D8A9F575CC}.Release|x64.ActiveCfg = Release|Any CPU
		{CA0270BD-E223-4A75-AC1D-41D8A9F575CC}.Release|x64.Build.0 = Release|Any CPU
		{CA0270BD-E223-4A75-AC1D-41D8A9F575CC}.Release|x86.ActiveCfg = Release|Any CPU
		{CA0270BD-E223-4A75-AC1D-41D8A9F575CC}.Release|x86.Build.0 = Release|Any CPU
		{40D01594-1720-4F85-A4BA-13C6ABEA4222}.Debug|Any CPU.ActiveCfg = Debug|Any CPU
		{40D01594-1720-4F85-A4BA-13C6ABEA4222}.Debug|Any CPU.Build.0 = Debug|Any CPU
		{40D01594-1720-4F85-A4BA-13C6ABEA4222}.Debug|x64.ActiveCfg = Debug|Any CPU
		{40D01594-1720-4F85-A4BA-13C6ABEA4222}.Debug|x64.Build.0 = Debug|Any CPU
		{40D01594-1720-4F85-A4BA-13C6ABEA4222}.Debug|x86.ActiveCfg = Debug|Any CPU
		{40D01594-1720-4F85-A4BA-13C6ABEA4222}.Debug|x86.Build.0 = Debug|Any CPU
		{40D01594-1720-4F85-A4BA-13C6ABEA4222}.Release|Any CPU.ActiveCfg = Release|Any CPU
		{40D01594-1720-4F85-A4BA-13C6ABEA4222}.Release|Any CPU.Build.0 = Release|Any CPU
		{40D01594-1720-4F85-A4BA-13C6ABEA4222}.Release|x64.ActiveCfg = Release|Any CPU
		{40D01594-1720-4F85-A4BA-13C6ABEA4222}.Release|x64.Build.0 = Release|Any CPU
		{40D01594-1720-4F85-A4BA-13C6ABEA4222}.Release|x86.ActiveCfg = Release|Any CPU
		{40D01594-1720-4F85-A4BA-13C6ABEA4222}.Release|x86.Build.0 = Release|Any CPU
		{2A9DAC9F-8BB7-4AF7-B99D-511BD106E7FD}.Debug|Any CPU.ActiveCfg = Debug|Any CPU
		{2A9DAC9F-8BB7-4AF7-B99D-511BD106E7FD}.Debug|Any CPU.Build.0 = Debug|Any CPU
		{2A9DAC9F-8BB7-4AF7-B99D-511BD106E7FD}.Debug|x64.ActiveCfg = Debug|Any CPU
		{2A9DAC9F-8BB7-4AF7-B99D-511BD106E7FD}.Debug|x64.Build.0 = Debug|Any CPU
		{2A9DAC9F-8BB7-4AF7-B99D-511BD106E7FD}.Debug|x86.ActiveCfg = Debug|Any CPU
		{2A9DAC9F-8BB7-4AF7-B99D-511BD106E7FD}.Debug|x86.Build.0 = Debug|Any CPU
		{2A9DAC9F-8BB7-4AF7-B99D-511BD106E7FD}.Release|Any CPU.ActiveCfg = Release|Any CPU
		{2A9DAC9F-8BB7-4AF7-B99D-511BD106E7FD}.Release|Any CPU.Build.0 = Release|Any CPU
		{2A9DAC9F-8BB7-4AF7-B99D-511BD106E7FD}.Release|x64.ActiveCfg = Release|Any CPU
		{2A9DAC9F-8BB7-4AF7-B99D-511BD106E7FD}.Release|x64.Build.0 = Release|Any CPU
		{2A9DAC9F-8BB7-4AF7-B99D-511BD106E7FD}.Release|x86.ActiveCfg = Release|Any CPU
		{2A9DAC9F-8BB7-4AF7-B99D-511BD106E7FD}.Release|x86.Build.0 = Release|Any CPU
		{D24C2CA4-8C85-4D26-ABA7-A59C880BA827}.Debug|Any CPU.ActiveCfg = Debug|Any CPU
		{D24C2CA4-8C85-4D26-ABA7-A59C880BA827}.Debug|Any CPU.Build.0 = Debug|Any CPU
		{D24C2CA4-8C85-4D26-ABA7-A59C880BA827}.Debug|x64.ActiveCfg = Debug|Any CPU
		{D24C2CA4-8C85-4D26-ABA7-A59C880BA827}.Debug|x64.Build.0 = Debug|Any CPU
		{D24C2CA4-8C85-4D26-ABA7-A59C880BA827}.Debug|x86.ActiveCfg = Debug|Any CPU
		{D24C2CA4-8C85-4D26-ABA7-A59C880BA827}.Debug|x86.Build.0 = Debug|Any CPU
		{D24C2CA4-8C85-4D26-ABA7-A59C880BA827}.Release|Any CPU.ActiveCfg = Release|Any CPU
		{D24C2CA4-8C85-4D26-ABA7-A59C880BA827}.Release|Any CPU.Build.0 = Release|Any CPU
		{D24C2CA4-8C85-4D26-ABA7-A59C880BA827}.Release|x64.ActiveCfg = Release|Any CPU
		{D24C2CA4-8C85-4D26-ABA7-A59C880BA827}.Release|x64.Build.0 = Release|Any CPU
		{D24C2CA4-8C85-4D26-ABA7-A59C880BA827}.Release|x86.ActiveCfg = Release|Any CPU
		{D24C2CA4-8C85-4D26-ABA7-A59C880BA827}.Release|x86.Build.0 = Release|Any CPU
		{097890D9-134C-4C9B-ACBF-43A58C13DC37}.Debug|Any CPU.ActiveCfg = Debug|Any CPU
		{097890D9-134C-4C9B-ACBF-43A58C13DC37}.Debug|Any CPU.Build.0 = Debug|Any CPU
		{097890D9-134C-4C9B-ACBF-43A58C13DC37}.Debug|x64.ActiveCfg = Debug|Any CPU
		{097890D9-134C-4C9B-ACBF-43A58C13DC37}.Debug|x64.Build.0 = Debug|Any CPU
		{097890D9-134C-4C9B-ACBF-43A58C13DC37}.Debug|x86.ActiveCfg = Debug|Any CPU
		{097890D9-134C-4C9B-ACBF-43A58C13DC37}.Debug|x86.Build.0 = Debug|Any CPU
		{097890D9-134C-4C9B-ACBF-43A58C13DC37}.Release|Any CPU.ActiveCfg = Release|Any CPU
		{097890D9-134C-4C9B-ACBF-43A58C13DC37}.Release|Any CPU.Build.0 = Release|Any CPU
		{097890D9-134C-4C9B-ACBF-43A58C13DC37}.Release|x64.ActiveCfg = Release|Any CPU
		{097890D9-134C-4C9B-ACBF-43A58C13DC37}.Release|x64.Build.0 = Release|Any CPU
		{097890D9-134C-4C9B-ACBF-43A58C13DC37}.Release|x86.ActiveCfg = Release|Any CPU
		{097890D9-134C-4C9B-ACBF-43A58C13DC37}.Release|x86.Build.0 = Release|Any CPU
		{4A6D0F40-7025-44FB-9C1A-1DE3061DB390}.Debug|Any CPU.ActiveCfg = Debug|Any CPU
		{4A6D0F40-7025-44FB-9C1A-1DE3061DB390}.Debug|Any CPU.Build.0 = Debug|Any CPU
		{4A6D0F40-7025-44FB-9C1A-1DE3061DB390}.Debug|x64.ActiveCfg = Debug|Any CPU
		{4A6D0F40-7025-44FB-9C1A-1DE3061DB390}.Debug|x64.Build.0 = Debug|Any CPU
		{4A6D0F40-7025-44FB-9C1A-1DE3061DB390}.Debug|x86.ActiveCfg = Debug|Any CPU
		{4A6D0F40-7025-44FB-9C1A-1DE3061DB390}.Debug|x86.Build.0 = Debug|Any CPU
		{4A6D0F40-7025-44FB-9C1A-1DE3061DB390}.Release|Any CPU.ActiveCfg = Release|Any CPU
		{4A6D0F40-7025-44FB-9C1A-1DE3061DB390}.Release|Any CPU.Build.0 = Release|Any CPU
		{4A6D0F40-7025-44FB-9C1A-1DE3061DB390}.Release|x64.ActiveCfg = Release|Any CPU
		{4A6D0F40-7025-44FB-9C1A-1DE3061DB390}.Release|x64.Build.0 = Release|Any CPU
		{4A6D0F40-7025-44FB-9C1A-1DE3061DB390}.Release|x86.ActiveCfg = Release|Any CPU
		{4A6D0F40-7025-44FB-9C1A-1DE3061DB390}.Release|x86.Build.0 = Release|Any CPU
		{F08A79CB-D3B2-4657-92D4-67E8B3E47044}.Debug|Any CPU.ActiveCfg = Debug|Any CPU
		{F08A79CB-D3B2-4657-92D4-67E8B3E47044}.Debug|Any CPU.Build.0 = Debug|Any CPU
		{F08A79CB-D3B2-4657-92D4-67E8B3E47044}.Debug|x64.ActiveCfg = Debug|Any CPU
		{F08A79CB-D3B2-4657-92D4-67E8B3E47044}.Debug|x64.Build.0 = Debug|Any CPU
		{F08A79CB-D3B2-4657-92D4-67E8B3E47044}.Debug|x86.ActiveCfg = Debug|Any CPU
		{F08A79CB-D3B2-4657-92D4-67E8B3E47044}.Debug|x86.Build.0 = Debug|Any CPU
		{F08A79CB-D3B2-4657-92D4-67E8B3E47044}.Release|Any CPU.ActiveCfg = Release|Any CPU
		{F08A79CB-D3B2-4657-92D4-67E8B3E47044}.Release|Any CPU.Build.0 = Release|Any CPU
		{F08A79CB-D3B2-4657-92D4-67E8B3E47044}.Release|x64.ActiveCfg = Release|Any CPU
		{F08A79CB-D3B2-4657-92D4-67E8B3E47044}.Release|x64.Build.0 = Release|Any CPU
		{F08A79CB-D3B2-4657-92D4-67E8B3E47044}.Release|x86.ActiveCfg = Release|Any CPU
		{F08A79CB-D3B2-4657-92D4-67E8B3E47044}.Release|x86.Build.0 = Release|Any CPU
		{6197D542-44C4-4340-B1F8-BF0818F22412}.Debug|Any CPU.ActiveCfg = Debug|Any CPU
		{6197D542-44C4-4340-B1F8-BF0818F22412}.Debug|Any CPU.Build.0 = Debug|Any CPU
		{6197D542-44C4-4340-B1F8-BF0818F22412}.Debug|x64.ActiveCfg = Debug|Any CPU
		{6197D542-44C4-4340-B1F8-BF0818F22412}.Debug|x64.Build.0 = Debug|Any CPU
		{6197D542-44C4-4340-B1F8-BF0818F22412}.Debug|x86.ActiveCfg = Debug|Any CPU
		{6197D542-44C4-4340-B1F8-BF0818F22412}.Debug|x86.Build.0 = Debug|Any CPU
		{6197D542-44C4-4340-B1F8-BF0818F22412}.Release|Any CPU.ActiveCfg = Release|Any CPU
		{6197D542-44C4-4340-B1F8-BF0818F22412}.Release|Any CPU.Build.0 = Release|Any CPU
		{6197D542-44C4-4340-B1F8-BF0818F22412}.Release|x64.ActiveCfg = Release|Any CPU
		{6197D542-44C4-4340-B1F8-BF0818F22412}.Release|x64.Build.0 = Release|Any CPU
		{6197D542-44C4-4340-B1F8-BF0818F22412}.Release|x86.ActiveCfg = Release|Any CPU
		{6197D542-44C4-4340-B1F8-BF0818F22412}.Release|x86.Build.0 = Release|Any CPU
		{13EBD711-2F89-4403-8EA5-2616AFFA5145}.Debug|Any CPU.ActiveCfg = Debug|Any CPU
		{13EBD711-2F89-4403-8EA5-2616AFFA5145}.Debug|Any CPU.Build.0 = Debug|Any CPU
		{13EBD711-2F89-4403-8EA5-2616AFFA5145}.Debug|x64.ActiveCfg = Debug|Any CPU
		{13EBD711-2F89-4403-8EA5-2616AFFA5145}.Debug|x64.Build.0 = Debug|Any CPU
		{13EBD711-2F89-4403-8EA5-2616AFFA5145}.Debug|x86.ActiveCfg = Debug|Any CPU
		{13EBD711-2F89-4403-8EA5-2616AFFA5145}.Debug|x86.Build.0 = Debug|Any CPU
		{13EBD711-2F89-4403-8EA5-2616AFFA5145}.Release|Any CPU.ActiveCfg = Release|Any CPU
		{13EBD711-2F89-4403-8EA5-2616AFFA5145}.Release|Any CPU.Build.0 = Release|Any CPU
		{13EBD711-2F89-4403-8EA5-2616AFFA5145}.Release|x64.ActiveCfg = Release|Any CPU
		{13EBD711-2F89-4403-8EA5-2616AFFA5145}.Release|x64.Build.0 = Release|Any CPU
		{13EBD711-2F89-4403-8EA5-2616AFFA5145}.Release|x86.ActiveCfg = Release|Any CPU
		{13EBD711-2F89-4403-8EA5-2616AFFA5145}.Release|x86.Build.0 = Release|Any CPU
		{A062477C-962B-47E0-9CE4-B57F7BD1B5D8}.Debug|Any CPU.ActiveCfg = Debug|Any CPU
		{A062477C-962B-47E0-9CE4-B57F7BD1B5D8}.Debug|Any CPU.Build.0 = Debug|Any CPU
		{A062477C-962B-47E0-9CE4-B57F7BD1B5D8}.Debug|x64.ActiveCfg = Debug|Any CPU
		{A062477C-962B-47E0-9CE4-B57F7BD1B5D8}.Debug|x64.Build.0 = Debug|Any CPU
		{A062477C-962B-47E0-9CE4-B57F7BD1B5D8}.Debug|x86.ActiveCfg = Debug|Any CPU
		{A062477C-962B-47E0-9CE4-B57F7BD1B5D8}.Debug|x86.Build.0 = Debug|Any CPU
		{A062477C-962B-47E0-9CE4-B57F7BD1B5D8}.Release|Any CPU.ActiveCfg = Release|Any CPU
		{A062477C-962B-47E0-9CE4-B57F7BD1B5D8}.Release|Any CPU.Build.0 = Release|Any CPU
		{A062477C-962B-47E0-9CE4-B57F7BD1B5D8}.Release|x64.ActiveCfg = Release|Any CPU
		{A062477C-962B-47E0-9CE4-B57F7BD1B5D8}.Release|x64.Build.0 = Release|Any CPU
		{A062477C-962B-47E0-9CE4-B57F7BD1B5D8}.Release|x86.ActiveCfg = Release|Any CPU
		{A062477C-962B-47E0-9CE4-B57F7BD1B5D8}.Release|x86.Build.0 = Release|Any CPU
		{DF0B68AD-B9D5-4370-9937-22166CB07887}.Debug|Any CPU.ActiveCfg = Debug|Any CPU
		{DF0B68AD-B9D5-4370-9937-22166CB07887}.Debug|Any CPU.Build.0 = Debug|Any CPU
		{DF0B68AD-B9D5-4370-9937-22166CB07887}.Debug|x64.ActiveCfg = Debug|Any CPU
		{DF0B68AD-B9D5-4370-9937-22166CB07887}.Debug|x64.Build.0 = Debug|Any CPU
		{DF0B68AD-B9D5-4370-9937-22166CB07887}.Debug|x86.ActiveCfg = Debug|Any CPU
		{DF0B68AD-B9D5-4370-9937-22166CB07887}.Debug|x86.Build.0 = Debug|Any CPU
		{DF0B68AD-B9D5-4370-9937-22166CB07887}.Release|Any CPU.ActiveCfg = Release|Any CPU
		{DF0B68AD-B9D5-4370-9937-22166CB07887}.Release|Any CPU.Build.0 = Release|Any CPU
		{DF0B68AD-B9D5-4370-9937-22166CB07887}.Release|x64.ActiveCfg = Release|Any CPU
		{DF0B68AD-B9D5-4370-9937-22166CB07887}.Release|x64.Build.0 = Release|Any CPU
		{DF0B68AD-B9D5-4370-9937-22166CB07887}.Release|x86.ActiveCfg = Release|Any CPU
		{DF0B68AD-B9D5-4370-9937-22166CB07887}.Release|x86.Build.0 = Release|Any CPU
		{4213F63F-BF63-4000-964E-F7404BE23FBE}.Debug|Any CPU.ActiveCfg = Debug|Any CPU
		{4213F63F-BF63-4000-964E-F7404BE23FBE}.Debug|Any CPU.Build.0 = Debug|Any CPU
		{4213F63F-BF63-4000-964E-F7404BE23FBE}.Debug|x64.ActiveCfg = Debug|Any CPU
		{4213F63F-BF63-4000-964E-F7404BE23FBE}.Debug|x64.Build.0 = Debug|Any CPU
		{4213F63F-BF63-4000-964E-F7404BE23FBE}.Debug|x86.ActiveCfg = Debug|Any CPU
		{4213F63F-BF63-4000-964E-F7404BE23FBE}.Debug|x86.Build.0 = Debug|Any CPU
		{4213F63F-BF63-4000-964E-F7404BE23FBE}.Release|Any CPU.ActiveCfg = Release|Any CPU
		{4213F63F-BF63-4000-964E-F7404BE23FBE}.Release|Any CPU.Build.0 = Release|Any CPU
		{4213F63F-BF63-4000-964E-F7404BE23FBE}.Release|x64.ActiveCfg = Release|Any CPU
		{4213F63F-BF63-4000-964E-F7404BE23FBE}.Release|x64.Build.0 = Release|Any CPU
		{4213F63F-BF63-4000-964E-F7404BE23FBE}.Release|x86.ActiveCfg = Release|Any CPU
		{4213F63F-BF63-4000-964E-F7404BE23FBE}.Release|x86.Build.0 = Release|Any CPU
		{954377C1-1995-4D11-BAA5-5A2E738BD8D1}.Debug|Any CPU.ActiveCfg = Debug|Any CPU
		{954377C1-1995-4D11-BAA5-5A2E738BD8D1}.Debug|Any CPU.Build.0 = Debug|Any CPU
		{954377C1-1995-4D11-BAA5-5A2E738BD8D1}.Debug|x64.ActiveCfg = Debug|Any CPU
		{954377C1-1995-4D11-BAA5-5A2E738BD8D1}.Debug|x64.Build.0 = Debug|Any CPU
		{954377C1-1995-4D11-BAA5-5A2E738BD8D1}.Debug|x86.ActiveCfg = Debug|Any CPU
		{954377C1-1995-4D11-BAA5-5A2E738BD8D1}.Debug|x86.Build.0 = Debug|Any CPU
		{954377C1-1995-4D11-BAA5-5A2E738BD8D1}.Release|Any CPU.ActiveCfg = Release|Any CPU
		{954377C1-1995-4D11-BAA5-5A2E738BD8D1}.Release|Any CPU.Build.0 = Release|Any CPU
		{954377C1-1995-4D11-BAA5-5A2E738BD8D1}.Release|x64.ActiveCfg = Release|Any CPU
		{954377C1-1995-4D11-BAA5-5A2E738BD8D1}.Release|x64.Build.0 = Release|Any CPU
		{954377C1-1995-4D11-BAA5-5A2E738BD8D1}.Release|x86.ActiveCfg = Release|Any CPU
		{954377C1-1995-4D11-BAA5-5A2E738BD8D1}.Release|x86.Build.0 = Release|Any CPU
		{A003C8D7-AECB-4D8D-8726-F28451DE7324}.Debug|Any CPU.ActiveCfg = Debug|Any CPU
		{A003C8D7-AECB-4D8D-8726-F28451DE7324}.Debug|Any CPU.Build.0 = Debug|Any CPU
		{A003C8D7-AECB-4D8D-8726-F28451DE7324}.Debug|x64.ActiveCfg = Debug|Any CPU
		{A003C8D7-AECB-4D8D-8726-F28451DE7324}.Debug|x64.Build.0 = Debug|Any CPU
		{A003C8D7-AECB-4D8D-8726-F28451DE7324}.Debug|x86.ActiveCfg = Debug|Any CPU
		{A003C8D7-AECB-4D8D-8726-F28451DE7324}.Debug|x86.Build.0 = Debug|Any CPU
		{A003C8D7-AECB-4D8D-8726-F28451DE7324}.Release|Any CPU.ActiveCfg = Release|Any CPU
		{A003C8D7-AECB-4D8D-8726-F28451DE7324}.Release|Any CPU.Build.0 = Release|Any CPU
		{A003C8D7-AECB-4D8D-8726-F28451DE7324}.Release|x64.ActiveCfg = Release|Any CPU
		{A003C8D7-AECB-4D8D-8726-F28451DE7324}.Release|x64.Build.0 = Release|Any CPU
		{A003C8D7-AECB-4D8D-8726-F28451DE7324}.Release|x86.ActiveCfg = Release|Any CPU
		{A003C8D7-AECB-4D8D-8726-F28451DE7324}.Release|x86.Build.0 = Release|Any CPU
		{F80882FE-F577-4984-92AA-5F1926A87E29}.Debug|Any CPU.ActiveCfg = Debug|Any CPU
		{F80882FE-F577-4984-92AA-5F1926A87E29}.Debug|Any CPU.Build.0 = Debug|Any CPU
		{F80882FE-F577-4984-92AA-5F1926A87E29}.Debug|x64.ActiveCfg = Debug|Any CPU
		{F80882FE-F577-4984-92AA-5F1926A87E29}.Debug|x64.Build.0 = Debug|Any CPU
		{F80882FE-F577-4984-92AA-5F1926A87E29}.Debug|x86.ActiveCfg = Debug|Any CPU
		{F80882FE-F577-4984-92AA-5F1926A87E29}.Debug|x86.Build.0 = Debug|Any CPU
		{F80882FE-F577-4984-92AA-5F1926A87E29}.Release|Any CPU.ActiveCfg = Release|Any CPU
		{F80882FE-F577-4984-92AA-5F1926A87E29}.Release|Any CPU.Build.0 = Release|Any CPU
		{F80882FE-F577-4984-92AA-5F1926A87E29}.Release|x64.ActiveCfg = Release|Any CPU
		{F80882FE-F577-4984-92AA-5F1926A87E29}.Release|x64.Build.0 = Release|Any CPU
		{F80882FE-F577-4984-92AA-5F1926A87E29}.Release|x86.ActiveCfg = Release|Any CPU
		{F80882FE-F577-4984-92AA-5F1926A87E29}.Release|x86.Build.0 = Release|Any CPU
		{CB4C684D-8071-4B8F-BAF0-6D702489F2E5}.Debug|Any CPU.ActiveCfg = Debug|Any CPU
		{CB4C684D-8071-4B8F-BAF0-6D702489F2E5}.Debug|Any CPU.Build.0 = Debug|Any CPU
		{CB4C684D-8071-4B8F-BAF0-6D702489F2E5}.Debug|x64.ActiveCfg = Debug|Any CPU
		{CB4C684D-8071-4B8F-BAF0-6D702489F2E5}.Debug|x64.Build.0 = Debug|Any CPU
		{CB4C684D-8071-4B8F-BAF0-6D702489F2E5}.Debug|x86.ActiveCfg = Debug|Any CPU
		{CB4C684D-8071-4B8F-BAF0-6D702489F2E5}.Debug|x86.Build.0 = Debug|Any CPU
		{CB4C684D-8071-4B8F-BAF0-6D702489F2E5}.Release|Any CPU.ActiveCfg = Release|Any CPU
		{CB4C684D-8071-4B8F-BAF0-6D702489F2E5}.Release|Any CPU.Build.0 = Release|Any CPU
		{CB4C684D-8071-4B8F-BAF0-6D702489F2E5}.Release|x64.ActiveCfg = Release|Any CPU
		{CB4C684D-8071-4B8F-BAF0-6D702489F2E5}.Release|x64.Build.0 = Release|Any CPU
		{CB4C684D-8071-4B8F-BAF0-6D702489F2E5}.Release|x86.ActiveCfg = Release|Any CPU
		{CB4C684D-8071-4B8F-BAF0-6D702489F2E5}.Release|x86.Build.0 = Release|Any CPU
		{28135CCC-3824-4042-AB40-A2B5FD8E095E}.Debug|Any CPU.ActiveCfg = Debug|Any CPU
		{28135CCC-3824-4042-AB40-A2B5FD8E095E}.Debug|Any CPU.Build.0 = Debug|Any CPU
		{28135CCC-3824-4042-AB40-A2B5FD8E095E}.Debug|x64.ActiveCfg = Debug|Any CPU
		{28135CCC-3824-4042-AB40-A2B5FD8E095E}.Debug|x64.Build.0 = Debug|Any CPU
		{28135CCC-3824-4042-AB40-A2B5FD8E095E}.Debug|x86.ActiveCfg = Debug|Any CPU
		{28135CCC-3824-4042-AB40-A2B5FD8E095E}.Debug|x86.Build.0 = Debug|Any CPU
		{28135CCC-3824-4042-AB40-A2B5FD8E095E}.Release|Any CPU.ActiveCfg = Release|Any CPU
		{28135CCC-3824-4042-AB40-A2B5FD8E095E}.Release|Any CPU.Build.0 = Release|Any CPU
		{28135CCC-3824-4042-AB40-A2B5FD8E095E}.Release|x64.ActiveCfg = Release|Any CPU
		{28135CCC-3824-4042-AB40-A2B5FD8E095E}.Release|x64.Build.0 = Release|Any CPU
		{28135CCC-3824-4042-AB40-A2B5FD8E095E}.Release|x86.ActiveCfg = Release|Any CPU
		{28135CCC-3824-4042-AB40-A2B5FD8E095E}.Release|x86.Build.0 = Release|Any CPU
		{E3F17127-3050-4C9C-90C5-E8AEAC0E444C}.Debug|Any CPU.ActiveCfg = Debug|Any CPU
		{E3F17127-3050-4C9C-90C5-E8AEAC0E444C}.Debug|Any CPU.Build.0 = Debug|Any CPU
		{E3F17127-3050-4C9C-90C5-E8AEAC0E444C}.Debug|x64.ActiveCfg = Debug|Any CPU
		{E3F17127-3050-4C9C-90C5-E8AEAC0E444C}.Debug|x64.Build.0 = Debug|Any CPU
		{E3F17127-3050-4C9C-90C5-E8AEAC0E444C}.Debug|x86.ActiveCfg = Debug|Any CPU
		{E3F17127-3050-4C9C-90C5-E8AEAC0E444C}.Debug|x86.Build.0 = Debug|Any CPU
		{E3F17127-3050-4C9C-90C5-E8AEAC0E444C}.Release|Any CPU.ActiveCfg = Release|Any CPU
		{E3F17127-3050-4C9C-90C5-E8AEAC0E444C}.Release|Any CPU.Build.0 = Release|Any CPU
		{E3F17127-3050-4C9C-90C5-E8AEAC0E444C}.Release|x64.ActiveCfg = Release|Any CPU
		{E3F17127-3050-4C9C-90C5-E8AEAC0E444C}.Release|x64.Build.0 = Release|Any CPU
		{E3F17127-3050-4C9C-90C5-E8AEAC0E444C}.Release|x86.ActiveCfg = Release|Any CPU
		{E3F17127-3050-4C9C-90C5-E8AEAC0E444C}.Release|x86.Build.0 = Release|Any CPU
		{9F75AF13-01D6-4696-BD26-A80DAF246E95}.Debug|Any CPU.ActiveCfg = Debug|Any CPU
		{9F75AF13-01D6-4696-BD26-A80DAF246E95}.Debug|Any CPU.Build.0 = Debug|Any CPU
		{9F75AF13-01D6-4696-BD26-A80DAF246E95}.Debug|x64.ActiveCfg = Debug|Any CPU
		{9F75AF13-01D6-4696-BD26-A80DAF246E95}.Debug|x64.Build.0 = Debug|Any CPU
		{9F75AF13-01D6-4696-BD26-A80DAF246E95}.Debug|x86.ActiveCfg = Debug|Any CPU
		{9F75AF13-01D6-4696-BD26-A80DAF246E95}.Debug|x86.Build.0 = Debug|Any CPU
		{9F75AF13-01D6-4696-BD26-A80DAF246E95}.Release|Any CPU.ActiveCfg = Release|Any CPU
		{9F75AF13-01D6-4696-BD26-A80DAF246E95}.Release|Any CPU.Build.0 = Release|Any CPU
		{9F75AF13-01D6-4696-BD26-A80DAF246E95}.Release|x64.ActiveCfg = Release|Any CPU
		{9F75AF13-01D6-4696-BD26-A80DAF246E95}.Release|x64.Build.0 = Release|Any CPU
		{9F75AF13-01D6-4696-BD26-A80DAF246E95}.Release|x86.ActiveCfg = Release|Any CPU
		{9F75AF13-01D6-4696-BD26-A80DAF246E95}.Release|x86.Build.0 = Release|Any CPU
		{FBB52468-DF1D-4FBB-9BA0-A796F637F4E8}.Debug|Any CPU.ActiveCfg = Debug|Any CPU
		{FBB52468-DF1D-4FBB-9BA0-A796F637F4E8}.Debug|Any CPU.Build.0 = Debug|Any CPU
		{FBB52468-DF1D-4FBB-9BA0-A796F637F4E8}.Debug|x64.ActiveCfg = Debug|Any CPU
		{FBB52468-DF1D-4FBB-9BA0-A796F637F4E8}.Debug|x64.Build.0 = Debug|Any CPU
		{FBB52468-DF1D-4FBB-9BA0-A796F637F4E8}.Debug|x86.ActiveCfg = Debug|Any CPU
		{FBB52468-DF1D-4FBB-9BA0-A796F637F4E8}.Debug|x86.Build.0 = Debug|Any CPU
		{FBB52468-DF1D-4FBB-9BA0-A796F637F4E8}.Release|Any CPU.ActiveCfg = Release|Any CPU
		{FBB52468-DF1D-4FBB-9BA0-A796F637F4E8}.Release|Any CPU.Build.0 = Release|Any CPU
		{FBB52468-DF1D-4FBB-9BA0-A796F637F4E8}.Release|x64.ActiveCfg = Release|Any CPU
		{FBB52468-DF1D-4FBB-9BA0-A796F637F4E8}.Release|x64.Build.0 = Release|Any CPU
		{FBB52468-DF1D-4FBB-9BA0-A796F637F4E8}.Release|x86.ActiveCfg = Release|Any CPU
		{FBB52468-DF1D-4FBB-9BA0-A796F637F4E8}.Release|x86.Build.0 = Release|Any CPU
		{37494E9D-E805-4D85-AC8F-C8554053AC73}.Debug|Any CPU.ActiveCfg = Debug|Any CPU
		{37494E9D-E805-4D85-AC8F-C8554053AC73}.Debug|Any CPU.Build.0 = Debug|Any CPU
		{37494E9D-E805-4D85-AC8F-C8554053AC73}.Debug|x64.ActiveCfg = Debug|Any CPU
		{37494E9D-E805-4D85-AC8F-C8554053AC73}.Debug|x64.Build.0 = Debug|Any CPU
		{37494E9D-E805-4D85-AC8F-C8554053AC73}.Debug|x86.ActiveCfg = Debug|Any CPU
		{37494E9D-E805-4D85-AC8F-C8554053AC73}.Debug|x86.Build.0 = Debug|Any CPU
		{37494E9D-E805-4D85-AC8F-C8554053AC73}.Release|Any CPU.ActiveCfg = Release|Any CPU
		{37494E9D-E805-4D85-AC8F-C8554053AC73}.Release|Any CPU.Build.0 = Release|Any CPU
		{37494E9D-E805-4D85-AC8F-C8554053AC73}.Release|x64.ActiveCfg = Release|Any CPU
		{37494E9D-E805-4D85-AC8F-C8554053AC73}.Release|x64.Build.0 = Release|Any CPU
		{37494E9D-E805-4D85-AC8F-C8554053AC73}.Release|x86.ActiveCfg = Release|Any CPU
		{37494E9D-E805-4D85-AC8F-C8554053AC73}.Release|x86.Build.0 = Release|Any CPU
		{8327D45F-94BD-4E29-BE33-6B8E4427089D}.Debug|Any CPU.ActiveCfg = Debug|Any CPU
		{8327D45F-94BD-4E29-BE33-6B8E4427089D}.Debug|Any CPU.Build.0 = Debug|Any CPU
		{8327D45F-94BD-4E29-BE33-6B8E4427089D}.Debug|x64.ActiveCfg = Debug|Any CPU
		{8327D45F-94BD-4E29-BE33-6B8E4427089D}.Debug|x64.Build.0 = Debug|Any CPU
		{8327D45F-94BD-4E29-BE33-6B8E4427089D}.Debug|x86.ActiveCfg = Debug|Any CPU
		{8327D45F-94BD-4E29-BE33-6B8E4427089D}.Debug|x86.Build.0 = Debug|Any CPU
		{8327D45F-94BD-4E29-BE33-6B8E4427089D}.Release|Any CPU.ActiveCfg = Release|Any CPU
		{8327D45F-94BD-4E29-BE33-6B8E4427089D}.Release|Any CPU.Build.0 = Release|Any CPU
		{8327D45F-94BD-4E29-BE33-6B8E4427089D}.Release|x64.ActiveCfg = Release|Any CPU
		{8327D45F-94BD-4E29-BE33-6B8E4427089D}.Release|x64.Build.0 = Release|Any CPU
		{8327D45F-94BD-4E29-BE33-6B8E4427089D}.Release|x86.ActiveCfg = Release|Any CPU
		{8327D45F-94BD-4E29-BE33-6B8E4427089D}.Release|x86.Build.0 = Release|Any CPU
		{765BAD99-BE7C-4245-B3F7-B3B9FB631D7A}.Debug|Any CPU.ActiveCfg = Debug|Any CPU
		{765BAD99-BE7C-4245-B3F7-B3B9FB631D7A}.Debug|Any CPU.Build.0 = Debug|Any CPU
		{765BAD99-BE7C-4245-B3F7-B3B9FB631D7A}.Debug|x64.ActiveCfg = Debug|Any CPU
		{765BAD99-BE7C-4245-B3F7-B3B9FB631D7A}.Debug|x64.Build.0 = Debug|Any CPU
		{765BAD99-BE7C-4245-B3F7-B3B9FB631D7A}.Debug|x86.ActiveCfg = Debug|Any CPU
		{765BAD99-BE7C-4245-B3F7-B3B9FB631D7A}.Debug|x86.Build.0 = Debug|Any CPU
		{765BAD99-BE7C-4245-B3F7-B3B9FB631D7A}.Release|Any CPU.ActiveCfg = Release|Any CPU
		{765BAD99-BE7C-4245-B3F7-B3B9FB631D7A}.Release|Any CPU.Build.0 = Release|Any CPU
		{765BAD99-BE7C-4245-B3F7-B3B9FB631D7A}.Release|x64.ActiveCfg = Release|Any CPU
		{765BAD99-BE7C-4245-B3F7-B3B9FB631D7A}.Release|x64.Build.0 = Release|Any CPU
		{765BAD99-BE7C-4245-B3F7-B3B9FB631D7A}.Release|x86.ActiveCfg = Release|Any CPU
		{765BAD99-BE7C-4245-B3F7-B3B9FB631D7A}.Release|x86.Build.0 = Release|Any CPU
		{2B328FA8-3334-45FC-884C-A53FBC08D481}.Debug|Any CPU.ActiveCfg = Debug|Any CPU
		{2B328FA8-3334-45FC-884C-A53FBC08D481}.Debug|Any CPU.Build.0 = Debug|Any CPU
		{2B328FA8-3334-45FC-884C-A53FBC08D481}.Debug|x64.ActiveCfg = Debug|Any CPU
		{2B328FA8-3334-45FC-884C-A53FBC08D481}.Debug|x64.Build.0 = Debug|Any CPU
		{2B328FA8-3334-45FC-884C-A53FBC08D481}.Debug|x86.ActiveCfg = Debug|Any CPU
		{2B328FA8-3334-45FC-884C-A53FBC08D481}.Debug|x86.Build.0 = Debug|Any CPU
		{2B328FA8-3334-45FC-884C-A53FBC08D481}.Release|Any CPU.ActiveCfg = Release|Any CPU
		{2B328FA8-3334-45FC-884C-A53FBC08D481}.Release|Any CPU.Build.0 = Release|Any CPU
		{2B328FA8-3334-45FC-884C-A53FBC08D481}.Release|x64.ActiveCfg = Release|Any CPU
		{2B328FA8-3334-45FC-884C-A53FBC08D481}.Release|x64.Build.0 = Release|Any CPU
		{2B328FA8-3334-45FC-884C-A53FBC08D481}.Release|x86.ActiveCfg = Release|Any CPU
		{2B328FA8-3334-45FC-884C-A53FBC08D481}.Release|x86.Build.0 = Release|Any CPU
	EndGlobalSection
	GlobalSection(SolutionProperties) = preSolution
		HideSolutionNode = FALSE
	EndGlobalSection
	GlobalSection(NestedProjects) = preSolution
		{87C940CD-47DE-FE2A-2E90-50F93A6EC4F6} = {827E0CD3-B72D-47B6-A68D-7590B98EB39B}
		{907340F6-01DB-49B5-8CF3-21FFA8ADEA47} = {87C940CD-47DE-FE2A-2E90-50F93A6EC4F6}
		{73A72009-1272-4131-8289-D958729D300D} = {87C940CD-47DE-FE2A-2E90-50F93A6EC4F6}
		{CE79257D-3670-4151-8A07-ED52633E80DC} = {87C940CD-47DE-FE2A-2E90-50F93A6EC4F6}
		{CA0270BD-E223-4A75-AC1D-41D8A9F575CC} = {87C940CD-47DE-FE2A-2E90-50F93A6EC4F6}
		{95375D70-08A7-EC86-7FEE-3BE27A706E16} = {827E0CD3-B72D-47B6-A68D-7590B98EB39B}
		{ACC2BC72-4466-4C3B-3BFB-494729DC6376} = {95375D70-08A7-EC86-7FEE-3BE27A706E16}
		{47E47447-8620-4C1D-B126-346444FE663F} = {ACC2BC72-4466-4C3B-3BFB-494729DC6376}
		{40D01594-1720-4F85-A4BA-13C6ABEA4222} = {47E47447-8620-4C1D-B126-346444FE663F}
		{2A9DAC9F-8BB7-4AF7-B99D-511BD106E7FD} = {47E47447-8620-4C1D-B126-346444FE663F}
		{D24C2CA4-8C85-4D26-ABA7-A59C880BA827} = {47E47447-8620-4C1D-B126-346444FE663F}
		{D89D35FF-B93F-6B08-B13B-45247AE20C75} = {ACC2BC72-4466-4C3B-3BFB-494729DC6376}
		{097890D9-134C-4C9B-ACBF-43A58C13DC37} = {D89D35FF-B93F-6B08-B13B-45247AE20C75}
		{90229F9A-6AE6-B85E-C324-4289D8AECDF7} = {95375D70-08A7-EC86-7FEE-3BE27A706E16}
		{66CD5881-7CF8-2E53-FEE7-2F515531D50A} = {90229F9A-6AE6-B85E-C324-4289D8AECDF7}
		{4A6D0F40-7025-44FB-9C1A-1DE3061DB390} = {66CD5881-7CF8-2E53-FEE7-2F515531D50A}
		{F08A79CB-D3B2-4657-92D4-67E8B3E47044} = {66CD5881-7CF8-2E53-FEE7-2F515531D50A}
		{32BD52DA-3FFB-1C80-5707-6B371D3D1939} = {90229F9A-6AE6-B85E-C324-4289D8AECDF7}
		{6197D542-44C4-4340-B1F8-BF0818F22412} = {32BD52DA-3FFB-1C80-5707-6B371D3D1939}
		{13EBD711-2F89-4403-8EA5-2616AFFA5145} = {32BD52DA-3FFB-1C80-5707-6B371D3D1939}
		{A062477C-962B-47E0-9CE4-B57F7BD1B5D8} = {32BD52DA-3FFB-1C80-5707-6B371D3D1939}
		{DF0B68AD-B9D5-4370-9937-22166CB07887} = {32BD52DA-3FFB-1C80-5707-6B371D3D1939}
		{1A4D5231-3938-ABAE-71F9-0CA57646B7CF} = {D89D35FF-B93F-6B08-B13B-45247AE20C75}
		{4213F63F-BF63-4000-964E-F7404BE23FBE} = {1A4D5231-3938-ABAE-71F9-0CA57646B7CF}
		{954377C1-1995-4D11-BAA5-5A2E738BD8D1} = {1A4D5231-3938-ABAE-71F9-0CA57646B7CF}
		{A003C8D7-AECB-4D8D-8726-F28451DE7324} = {87C940CD-47DE-FE2A-2E90-50F93A6EC4F6}
		{F80882FE-F577-4984-92AA-5F1926A87E29} = {827E0CD3-B72D-47B6-A68D-7590B98EB39B}
		{CB4C684D-8071-4B8F-BAF0-6D702489F2E5} = {D89D35FF-B93F-6B08-B13B-45247AE20C75}
		{28135CCC-3824-4042-AB40-A2B5FD8E095E} = {47E47447-8620-4C1D-B126-346444FE663F}
		{871D39C1-2800-6B0C-7178-E5E4E7A0EEA7} = {827E0CD3-B72D-47B6-A68D-7590B98EB39B}
		{62FF420D-F7A6-F036-FFF3-465BF33D2751} = {871D39C1-2800-6B0C-7178-E5E4E7A0EEA7}
		{D83CD92E-2D2F-A615-A594-BB90D11A2E58} = {62FF420D-F7A6-F036-FFF3-465BF33D2751}
		{E3F17127-3050-4C9C-90C5-E8AEAC0E444C} = {D83CD92E-2D2F-A615-A594-BB90D11A2E58}
		{9F75AF13-01D6-4696-BD26-A80DAF246E95} = {D83CD92E-2D2F-A615-A594-BB90D11A2E58}
		{FBB52468-DF1D-4FBB-9BA0-A796F637F4E8} = {D83CD92E-2D2F-A615-A594-BB90D11A2E58}
		{37494E9D-E805-4D85-AC8F-C8554053AC73} = {D83CD92E-2D2F-A615-A594-BB90D11A2E58}
		{00C9C342-8D38-2CBE-CE18-D6AD5B257CD5} = {62FF420D-F7A6-F036-FFF3-465BF33D2751}
		{8327D45F-94BD-4E29-BE33-6B8E4427089D} = {00C9C342-8D38-2CBE-CE18-D6AD5B257CD5}
		{765BAD99-BE7C-4245-B3F7-B3B9FB631D7A} = {00C9C342-8D38-2CBE-CE18-D6AD5B257CD5}
		{08250206-E015-38BA-ECE5-08579827C09B} = {00C9C342-8D38-2CBE-CE18-D6AD5B257CD5}
		{2B328FA8-3334-45FC-884C-A53FBC08D481} = {08250206-E015-38BA-ECE5-08579827C09B}
	EndGlobalSection
EndGlobal
